
Microsoft Visual Studio Solution File, Format Version 12.00
# Visual Studio 15
VisualStudioVersion = 15.0.27130.0
MinimumVisualStudioVersion = 10.0.40219.1
Project("{FAE04EC0-301F-11D3-BF4B-00C04F79EFBC}") = "AttendanceMobApp2.Android", "AttendanceMobApp2\AttendanceMobApp2.Android\AttendanceMobApp2.Android.csproj", "{E1A05852-E450-46B7-879C-0FBA9AD6DB5E}"
EndProject
Project("{FAE04EC0-301F-11D3-BF4B-00C04F79EFBC}") = "AttendanceMobApp2.iOS", "AttendanceMobApp2\AttendanceMobApp2.iOS\AttendanceMobApp2.iOS.csproj", "{9380003A-6A01-42F2-8293-BE7DDDCB9714}"
EndProject
Project("{FAE04EC0-301F-11D3-BF4B-00C04F79EFBC}") = "AttendanceMobApp2", "AttendanceMobApp2\AttendanceMobApp2\AttendanceMobApp2.csproj", "{71A2790B-4753-4998-969F-F8C93CE1A474}"
EndProject
Global
	GlobalSection(SolutionConfigurationPlatforms) = preSolution
		Ad-Hoc|Any CPU = Ad-Hoc|Any CPU
		Ad-Hoc|iPhone = Ad-Hoc|iPhone
		Ad-Hoc|iPhoneSimulator = Ad-Hoc|iPhoneSimulator
		AppStore|Any CPU = AppStore|Any CPU
		AppStore|iPhone = AppStore|iPhone
		AppStore|iPhoneSimulator = AppStore|iPhoneSimulator
		Debug|Any CPU = Debug|Any CPU
		Debug|iPhone = Debug|iPhone
		Debug|iPhoneSimulator = Debug|iPhoneSimulator
		Release|Any CPU = Release|Any CPU
		Release|iPhone = Release|iPhone
		Release|iPhoneSimulator = Release|iPhoneSimulator
	EndGlobalSection
	GlobalSection(ProjectConfigurationPlatforms) = postSolution
		{E1A05852-E450-46B7-879C-0FBA9AD6DB5E}.Ad-Hoc|Any CPU.ActiveCfg = Release|Any CPU
		{E1A05852-E450-46B7-879C-0FBA9AD6DB5E}.Ad-Hoc|Any CPU.Build.0 = Release|Any CPU
		{E1A05852-E450-46B7-879C-0FBA9AD6DB5E}.Ad-Hoc|Any CPU.Deploy.0 = Release|Any CPU
		{E1A05852-E450-46B7-879C-0FBA9AD6DB5E}.Ad-Hoc|iPhone.ActiveCfg = Release|Any CPU
		{E1A05852-E450-46B7-879C-0FBA9AD6DB5E}.Ad-Hoc|iPhone.Build.0 = Release|Any CPU
		{E1A05852-E450-46B7-879C-0FBA9AD6DB5E}.Ad-Hoc|iPhone.Deploy.0 = Release|Any CPU
		{E1A05852-E450-46B7-879C-0FBA9AD6DB5E}.Ad-Hoc|iPhoneSimulator.ActiveCfg = Release|Any CPU
		{E1A05852-E450-46B7-879C-0FBA9AD6DB5E}.Ad-Hoc|iPhoneSimulator.Build.0 = Release|Any CPU
		{E1A05852-E450-46B7-879C-0FBA9AD6DB5E}.Ad-Hoc|iPhoneSimulator.Deploy.0 = Release|Any CPU
		{E1A05852-E450-46B7-879C-0FBA9AD6DB5E}.AppStore|Any CPU.ActiveCfg = Release|Any CPU
		{E1A05852-E450-46B7-879C-0FBA9AD6DB5E}.AppStore|Any CPU.Build.0 = Release|Any CPU
		{E1A05852-E450-46B7-879C-0FBA9AD6DB5E}.AppStore|Any CPU.Deploy.0 = Release|Any CPU
		{E1A05852-E450-46B7-879C-0FBA9AD6DB5E}.AppStore|iPhone.ActiveCfg = Release|Any CPU
		{E1A05852-E450-46B7-879C-0FBA9AD6DB5E}.AppStore|iPhone.Build.0 = Release|Any CPU
		{E1A05852-E450-46B7-879C-0FBA9AD6DB5E}.AppStore|iPhone.Deploy.0 = Release|Any CPU
		{E1A05852-E450-46B7-879C-0FBA9AD6DB5E}.AppStore|iPhoneSimulator.ActiveCfg = Release|Any CPU
		{E1A05852-E450-46B7-879C-0FBA9AD6DB5E}.AppStore|iPhoneSimulator.Build.0 = Release|Any CPU
		{E1A05852-E450-46B7-879C-0FBA9AD6DB5E}.AppStore|iPhoneSimulator.Deploy.0 = Release|Any CPU
		{E1A05852-E450-46B7-879C-0FBA9AD6DB5E}.Debug|Any CPU.ActiveCfg = Debug|Any CPU
		{E1A05852-E450-46B7-879C-0FBA9AD6DB5E}.Debug|Any CPU.Build.0 = Debug|Any CPU
		{E1A05852-E450-46B7-879C-0FBA9AD6DB5E}.Debug|Any CPU.Deploy.0 = Debug|Any CPU
		{E1A05852-E450-46B7-879C-0FBA9AD6DB5E}.Debug|iPhone.ActiveCfg = Debug|Any CPU
		{E1A05852-E450-46B7-879C-0FBA9AD6DB5E}.Debug|iPhone.Build.0 = Debug|Any CPU
		{E1A05852-E450-46B7-879C-0FBA9AD6DB5E}.Debug|iPhone.Deploy.0 = Debug|Any CPU
		{E1A05852-E450-46B7-879C-0FBA9AD6DB5E}.Debug|iPhoneSimulator.ActiveCfg = Debug|Any CPU
		{E1A05852-E450-46B7-879C-0FBA9AD6DB5E}.Debug|iPhoneSimulator.Build.0 = Debug|Any CPU
		{E1A05852-E450-46B7-879C-0FBA9AD6DB5E}.Debug|iPhoneSimulator.Deploy.0 = Debug|Any CPU
		{E1A05852-E450-46B7-879C-0FBA9AD6DB5E}.Release|Any CPU.ActiveCfg = Release|Any CPU
		{E1A05852-E450-46B7-879C-0FBA9AD6DB5E}.Release|Any CPU.Build.0 = Release|Any CPU
		{E1A05852-E450-46B7-879C-0FBA9AD6DB5E}.Release|Any CPU.Deploy.0 = Release|Any CPU
		{E1A05852-E450-46B7-879C-0FBA9AD6DB5E}.Release|iPhone.ActiveCfg = Release|Any CPU
		{E1A05852-E450-46B7-879C-0FBA9AD6DB5E}.Release|iPhone.Build.0 = Release|Any CPU
		{E1A05852-E450-46B7-879C-0FBA9AD6DB5E}.Release|iPhone.Deploy.0 = Release|Any CPU
		{E1A05852-E450-46B7-879C-0FBA9AD6DB5E}.Release|iPhoneSimulator.ActiveCfg = Release|Any CPU
		{E1A05852-E450-46B7-879C-0FBA9AD6DB5E}.Release|iPhoneSimulator.Build.0 = Release|Any CPU
		{E1A05852-E450-46B7-879C-0FBA9AD6DB5E}.Release|iPhoneSimulator.Deploy.0 = Release|Any CPU
		{9380003A-6A01-42F2-8293-BE7DDDCB9714}.Ad-Hoc|Any CPU.ActiveCfg = Ad-Hoc|iPhone
		{9380003A-6A01-42F2-8293-BE7DDDCB9714}.Ad-Hoc|iPhone.ActiveCfg = Ad-Hoc|iPhone
		{9380003A-6A01-42F2-8293-BE7DDDCB9714}.Ad-Hoc|iPhone.Build.0 = Ad-Hoc|iPhone
		{9380003A-6A01-42F2-8293-BE7DDDCB9714}.Ad-Hoc|iPhoneSimulator.ActiveCfg = Ad-Hoc|iPhoneSimulator
		{9380003A-6A01-42F2-8293-BE7DDDCB9714}.Ad-Hoc|iPhoneSimulator.Build.0 = Ad-Hoc|iPhoneSimulator
		{9380003A-6A01-42F2-8293-BE7DDDCB9714}.AppStore|Any CPU.ActiveCfg = AppStore|iPhone
		{9380003A-6A01-42F2-8293-BE7DDDCB9714}.AppStore|iPhone.ActiveCfg = AppStore|iPhone
		{9380003A-6A01-42F2-8293-BE7DDDCB9714}.AppStore|iPhone.Build.0 = AppStore|iPhone
		{9380003A-6A01-42F2-8293-BE7DDDCB9714}.AppStore|iPhoneSimulator.ActiveCfg = AppStore|iPhoneSimulator
		{9380003A-6A01-42F2-8293-BE7DDDCB9714}.AppStore|iPhoneSimulator.Build.0 = AppStore|iPhoneSimulator
		{9380003A-6A01-42F2-8293-BE7DDDCB9714}.Debug|Any CPU.ActiveCfg = Debug|iPhone
		{9380003A-6A01-42F2-8293-BE7DDDCB9714}.Debug|iPhone.ActiveCfg = Debug|iPhone
		{9380003A-6A01-42F2-8293-BE7DDDCB9714}.Debug|iPhone.Build.0 = Debug|iPhone
		{9380003A-6A01-42F2-8293-BE7DDDCB9714}.Debug|iPhoneSimulator.ActiveCfg = Debug|iPhoneSimulator
		{9380003A-6A01-42F2-8293-BE7DDDCB9714}.Debug|iPhoneSimulator.Build.0 = Debug|iPhoneSimulator
		{9380003A-6A01-42F2-8293-BE7DDDCB9714}.Release|Any CPU.ActiveCfg = Release|iPhone
		{9380003A-6A01-42F2-8293-BE7DDDCB9714}.Release|iPhone.ActiveCfg = Release|iPhone
		{9380003A-6A01-42F2-8293-BE7DDDCB9714}.Release|iPhone.Build.0 = Release|iPhone
		{9380003A-6A01-42F2-8293-BE7DDDCB9714}.Release|iPhoneSimulator.ActiveCfg = Release|iPhoneSimulator
		{9380003A-6A01-42F2-8293-BE7DDDCB9714}.Release|iPhoneSimulator.Build.0 = Release|iPhoneSimulator
		{71A2790B-4753-4998-969F-F8C93CE1A474}.Ad-Hoc|Any CPU.ActiveCfg = Debug|Any CPU
		{71A2790B-4753-4998-969F-F8C93CE1A474}.Ad-Hoc|Any CPU.Build.0 = Debug|Any CPU
		{71A2790B-4753-4998-969F-F8C93CE1A474}.Ad-Hoc|iPhone.ActiveCfg = Debug|Any CPU
		{71A2790B-4753-4998-969F-F8C93CE1A474}.Ad-Hoc|iPhone.Build.0 = Debug|Any CPU
		{71A2790B-4753-4998-969F-F8C93CE1A474}.Ad-Hoc|iPhoneSimulator.ActiveCfg = Debug|Any CPU
		{71A2790B-4753-4998-969F-F8C93CE1A474}.Ad-Hoc|iPhoneSimulator.Build.0 = Debug|Any CPU
		{71A2790B-4753-4998-969F-F8C93CE1A474}.AppStore|Any CPU.ActiveCfg = Debug|Any CPU
		{71A2790B-4753-4998-969F-F8C93CE1A474}.AppStore|Any CPU.Build.0 = Debug|Any CPU
		{71A2790B-4753-4998-969F-F8C93CE1A474}.AppStore|iPhone.ActiveCfg = Debug|Any CPU
		{71A2790B-4753-4998-969F-F8C93CE1A474}.AppStore|iPhone.Build.0 = Debug|Any CPU
		{71A2790B-4753-4998-969F-F8C93CE1A474}.AppStore|iPhoneSimulator.ActiveCfg = Debug|Any CPU
		{71A2790B-4753-4998-969F-F8C93CE1A474}.AppStore|iPhoneSimulator.Build.0 = Debug|Any CPU
		{71A2790B-4753-4998-969F-F8C93CE1A474}.Debug|Any CPU.ActiveCfg = Debug|Any CPU
		{71A2790B-4753-4998-969F-F8C93CE1A474}.Debug|Any CPU.Build.0 = Debug|Any CPU
		{71A2790B-4753-4998-969F-F8C93CE1A474}.Debug|iPhone.ActiveCfg = Debug|Any CPU
		{71A2790B-4753-4998-969F-F8C93CE1A474}.Debug|iPhone.Build.0 = Debug|Any CPU
		{71A2790B-4753-4998-969F-F8C93CE1A474}.Debug|iPhoneSimulator.ActiveCfg = Debug|Any CPU
		{71A2790B-4753-4998-969F-F8C93CE1A474}.Debug|iPhoneSimulator.Build.0 = Debug|Any CPU
		{71A2790B-4753-4998-969F-F8C93CE1A474}.Release|Any CPU.ActiveCfg = Release|Any CPU
		{71A2790B-4753-4998-969F-F8C93CE1A474}.Release|Any CPU.Build.0 = Release|Any CPU
		{71A2790B-4753-4998-969F-F8C93CE1A474}.Release|iPhone.ActiveCfg = Release|Any CPU
		{71A2790B-4753-4998-969F-F8C93CE1A474}.Release|iPhone.Build.0 = Release|Any CPU
		{71A2790B-4753-4998-969F-F8C93CE1A474}.Release|iPhoneSimulator.ActiveCfg = Release|Any CPU
		{71A2790B-4753-4998-969F-F8C93CE1A474}.Release|iPhoneSimulator.Build.0 = Release|Any CPU
	EndGlobalSection
	GlobalSection(SolutionProperties) = preSolution
		HideSolutionNode = FALSE
	EndGlobalSection
	GlobalSection(ExtensibilityGlobals) = postSolution
		SolutionGuid = {6F6F7911-B9CD-42C2-8E65-95C1722C1D08}
	EndGlobalSection
EndGlobal
